
Microsoft Visual Studio Solution File, Format Version 12.00
# Visual Studio Version 16
VisualStudioVersion = 16.0.29709.97
MinimumVisualStudioVersion = 10.0.40219.1
Project("{9A19103F-16F7-4668-BE54-9A1E7A4F7556}") = "DotNetCoreSqlDb", "DotNetCoreSqlDb.csproj", "{332B7A78-142A-4C30-BFD3-45FA37296B0F}"
EndProject
Global
	GlobalSection(SolutionConfigurationPlatforms) = preSolution
		Debug|Any CPU = Debug|Any CPU
		Release|Any CPU = Release|Any CPU
	EndGlobalSection
	GlobalSection(ProjectConfigurationPlatforms) = postSolution
		{332B7A78-142A-4C30-BFD3-45FA37296B0F}.Debug|Any CPU.ActiveCfg = Debug|Any CPU
		{332B7A78-142A-4C30-BFD3-45FA37296B0F}.Debug|Any CPU.Build.0 = Debug|Any CPU
		{332B7A78-142A-4C30-BFD3-45FA37296B0F}.Release|Any CPU.ActiveCfg = Release|Any CPU
		{332B7A78-142A-4C30-BFD3-45FA37296B0F}.Release|Any CPU.Build.0 = Release|Any CPU
	EndGlobalSection
	GlobalSection(SolutionProperties) = preSolution
		HideSolutionNode = FALSE
	EndGlobalSection
	GlobalSection(ExtensibilityGlobals) = postSolution
		SolutionGuid = {D81CCBBA-9BCD-49D6-ADD5-25DDA73F0158}
	EndGlobalSection
EndGlobal
